PODS:
  - Demo (0.1.0)
  - FBSnapshotTestCase (2.0.7):
    - FBSnapshotTestCase/SwiftSupport (= 2.0.7)
  - FBSnapshotTestCase/Core (2.0.7)
  - FBSnapshotTestCase/SwiftSupport (2.0.7):
    - FBSnapshotTestCase/Core

DEPENDENCIES:
  - Demo (from `../`)
  - FBSnapshotTestCase

EXTERNAL SOURCES:
  Demo:
    :path: ../

SPEC CHECKSUMS:
  Demo: 28b413fc024e718536e8f68fd72997322524df46
  FBSnapshotTestCase: 7e85180d0d141a0cf472352edda7e80d7eaeb547

COCOAPODS: 0.39.0
